
Microsoft Visual Studio Solution File, Format Version 12.00
# Visual Studio 2012
Project("{FAE04EC0-301F-11D3-BF4B-00C04F79EFBC}") = "29_MulticastingOfDelegate", "29_MulticastingOfDelegate\29_MulticastingOfDelegate.csproj", "{9278190D-8785-4418-B906-9C9C13D751DD}"
EndProject
Global
	GlobalSection(SolutionConfigurationPlatforms) = preSolution
		Debug|Any CPU = Debug|Any CPU
		Release|Any CPU = Release|Any CPU
	EndGlobalSection
	GlobalSection(ProjectConfigurationPlatforms) = postSolution
		{9278190D-8785-4418-B906-9C9C13D751DD}.Debug|Any CPU.ActiveCfg = Debug|Any CPU
		{9278190D-8785-4418-B906-9C9C13D751DD}.Debug|Any CPU.Build.0 = Debug|Any CPU
		{9278190D-8785-4418-B906-9C9C13D751DD}.Release|Any CPU.ActiveCfg = Release|Any CPU
		{9278190D-8785-4418-B906-9C9C13D751DD}.Release|Any CPU.Build.0 = Release|Any CPU
	EndGlobalSection
	GlobalSection(SolutionProperties) = preSolution
		HideSolutionNode = FALSE
	EndGlobalSection
EndGlobal
