
Microsoft Visual Studio Solution File, Format Version 12.00
# Visual Studio 2012
Project("{FAE04EC0-301F-11D3-BF4B-00C04F79EFBC}") = "seventeenthApplication_Strings", "seventeenthApplication_Strings\seventeenthApplication_Strings.csproj", "{29FE8EEC-9455-4628-AA42-00FACEDF065C}"
EndProject
Global
	GlobalSection(SolutionConfigurationPlatforms) = preSolution
		Debug|Any CPU = Debug|Any CPU
		Release|Any CPU = Release|Any CPU
	EndGlobalSection
	GlobalSection(ProjectConfigurationPlatforms) = postSolution
		{29FE8EEC-9455-4628-AA42-00FACEDF065C}.Debug|Any CPU.ActiveCfg = Debug|Any CPU
		{29FE8EEC-9455-4628-AA42-00FACEDF065C}.Debug|Any CPU.Build.0 = Debug|Any CPU
		{29FE8EEC-9455-4628-AA42-00FACEDF065C}.Release|Any CPU.ActiveCfg = Release|Any CPU
		{29FE8EEC-9455-4628-AA42-00FACEDF065C}.Release|Any CPU.Build.0 = Release|Any CPU
	EndGlobalSection
	GlobalSection(SolutionProperties) = preSolution
		HideSolutionNode = FALSE
	EndGlobalSection
EndGlobal
