
Microsoft Visual Studio Solution File, Format Version 12.00
# Visual Studio 2012
Project("{FAE04EC0-301F-11D3-BF4B-00C04F79EFBC}") = "27_properties", "27_properties\27_properties.csproj", "{45EF44EC-8FF2-4F3C-9B18-686B6A2C9D1B}"
EndProject
Global
	GlobalSection(SolutionConfigurationPlatforms) = preSolution
		Debug|Any CPU = Debug|Any CPU
		Release|Any CPU = Release|Any CPU
	EndGlobalSection
	GlobalSection(ProjectConfigurationPlatforms) = postSolution
		{45EF44EC-8FF2-4F3C-9B18-686B6A2C9D1B}.Debug|Any CPU.ActiveCfg = Debug|Any CPU
		{45EF44EC-8FF2-4F3C-9B18-686B6A2C9D1B}.Debug|Any CPU.Build.0 = Debug|Any CPU
		{45EF44EC-8FF2-4F3C-9B18-686B6A2C9D1B}.Release|Any CPU.ActiveCfg = Release|Any CPU
		{45EF44EC-8FF2-4F3C-9B18-686B6A2C9D1B}.Release|Any CPU.Build.0 = Release|Any CPU
	EndGlobalSection
	GlobalSection(SolutionProperties) = preSolution
		HideSolutionNode = FALSE
	EndGlobalSection
EndGlobal
