
Microsoft Visual Studio Solution File, Format Version 12.00
# Visual Studio 2012
Project("{FAE04EC0-301F-11D3-BF4B-00C04F79EFBC}") = "ninthApplication_whileloop", "ninthApplication_whileloop\ninthApplication_whileloop.csproj", "{14569B8E-6CF5-43B6-A8ED-1F89AB96607B}"
EndProject
Global
	GlobalSection(SolutionConfigurationPlatforms) = preSolution
		Debug|Any CPU = Debug|Any CPU
		Release|Any CPU = Release|Any CPU
	EndGlobalSection
	GlobalSection(ProjectConfigurationPlatforms) = postSolution
		{14569B8E-6CF5-43B6-A8ED-1F89AB96607B}.Debug|Any CPU.ActiveCfg = Debug|Any CPU
		{14569B8E-6CF5-43B6-A8ED-1F89AB96607B}.Debug|Any CPU.Build.0 = Debug|Any CPU
		{14569B8E-6CF5-43B6-A8ED-1F89AB96607B}.Release|Any CPU.ActiveCfg = Release|Any CPU
		{14569B8E-6CF5-43B6-A8ED-1F89AB96607B}.Release|Any CPU.Build.0 = Release|Any CPU
	EndGlobalSection
	GlobalSection(SolutionProperties) = preSolution
		HideSolutionNode = FALSE
	EndGlobalSection
EndGlobal
