
Microsoft Visual Studio Solution File, Format Version 12.00
# Visual Studio 2012
Project("{FAE04EC0-301F-11D3-BF4B-00C04F79EFBC}") = "SixthApplication_declaringConstant", "SixthApplication_declaringConstant\SixthApplication_declaringConstant.csproj", "{BD1B3E3D-D2A6-4840-BF2F-B0E64DB7D182}"
EndProject
Global
	GlobalSection(SolutionConfigurationPlatforms) = preSolution
		Debug|Any CPU = Debug|Any CPU
		Release|Any CPU = Release|Any CPU
	EndGlobalSection
	GlobalSection(ProjectConfigurationPlatforms) = postSolution
		{BD1B3E3D-D2A6-4840-BF2F-B0E64DB7D182}.Debug|Any CPU.ActiveCfg = Debug|Any CPU
		{BD1B3E3D-D2A6-4840-BF2F-B0E64DB7D182}.Debug|Any CPU.Build.0 = Debug|Any CPU
		{BD1B3E3D-D2A6-4840-BF2F-B0E64DB7D182}.Release|Any CPU.ActiveCfg = Release|Any CPU
		{BD1B3E3D-D2A6-4840-BF2F-B0E64DB7D182}.Release|Any CPU.Build.0 = Release|Any CPU
	EndGlobalSection
	GlobalSection(SolutionProperties) = preSolution
		HideSolutionNode = FALSE
	EndGlobalSection
EndGlobal
