
Microsoft Visual Studio Solution File, Format Version 12.00
# Visual Studio 2012
Project("{FAE04EC0-301F-11D3-BF4B-00C04F79EFBC}") = "twentyInterfacesmultipleinher", "twentyInterfacesmultipleinher\twentyInterfacesmultipleinher.csproj", "{1C0482D1-4B1E-4C5B-8901-7BF4D160495E}"
EndProject
Global
	GlobalSection(SolutionConfigurationPlatforms) = preSolution
		Debug|Any CPU = Debug|Any CPU
		Release|Any CPU = Release|Any CPU
	EndGlobalSection
	GlobalSection(ProjectConfigurationPlatforms) = postSolution
		{1C0482D1-4B1E-4C5B-8901-7BF4D160495E}.Debug|Any CPU.ActiveCfg = Debug|Any CPU
		{1C0482D1-4B1E-4C5B-8901-7BF4D160495E}.Debug|Any CPU.Build.0 = Debug|Any CPU
		{1C0482D1-4B1E-4C5B-8901-7BF4D160495E}.Release|Any CPU.ActiveCfg = Release|Any CPU
		{1C0482D1-4B1E-4C5B-8901-7BF4D160495E}.Release|Any CPU.Build.0 = Release|Any CPU
	EndGlobalSection
	GlobalSection(SolutionProperties) = preSolution
		HideSolutionNode = FALSE
	EndGlobalSection
EndGlobal
